
Microsoft Visual Studio Solution File, Format Version 12.00
# Visual Studio Version 17
VisualStudioVersion = 17.14.36623.8 d17.14
MinimumVisualStudioVersion = 10.0.40219.1
Project("{FAE04EC0-301F-11D3-BF4B-00C04F79EFBC}") = "BugTracker.Domain", "BugTracker.Domain\BugTracker.Domain.csproj", "{7B35A256-F489-4917-8775-7699B35BED64}"
EndProject
Project("{FAE04EC0-301F-11D3-BF4B-00C04F79EFBC}") = "BugTracker.Application", "BugTracker.Application\BugTracker.Application.csproj", "{5C10E46A-6DA2-4FD6-A3D4-84AD5B647A7E}"
EndProject
Project("{FAE04EC0-301F-11D3-BF4B-00C04F79EFBC}") = "BugTracker.Infrastructure", "BugTracker.Infrastructure\BugTracker.Infrastructure.csproj", "{2C780851-D7CB-4956-B66F-5A21C48514E4}"
EndProject
Project("{FAE04EC0-301F-11D3-BF4B-00C04F79EFBC}") = "BugTracker.Api", "BugTracker.Api\BugTracker.Api.csproj", "{954B91D1-1CCA-40DB-8508-E95B93F2310E}"
EndProject
Global
	GlobalSection(SolutionConfigurationPlatforms) = preSolution
		Debug|Any CPU = Debug|Any CPU
		Release|Any CPU = Release|Any CPU
	EndGlobalSection
	GlobalSection(ProjectConfigurationPlatforms) = postSolution
		{7B35A256-F489-4917-8775-7699B35BED64}.Debug|Any CPU.ActiveCfg = Debug|Any CPU
		{7B35A256-F489-4917-8775-7699B35BED64}.Debug|Any CPU.Build.0 = Debug|Any CPU
		{7B35A256-F489-4917-8775-7699B35BED64}.Release|Any CPU.ActiveCfg = Release|Any CPU
		{7B35A256-F489-4917-8775-7699B35BED64}.Release|Any CPU.Build.0 = Release|Any CPU
		{5C10E46A-6DA2-4FD6-A3D4-84AD5B647A7E}.Debug|Any CPU.ActiveCfg = Debug|Any CPU
		{5C10E46A-6DA2-4FD6-A3D4-84AD5B647A7E}.Debug|Any CPU.Build.0 = Debug|Any CPU
		{5C10E46A-6DA2-4FD6-A3D4-84AD5B647A7E}.Release|Any CPU.ActiveCfg = Release|Any CPU
		{5C10E46A-6DA2-4FD6-A3D4-84AD5B647A7E}.Release|Any CPU.Build.0 = Release|Any CPU
		{2C780851-D7CB-4956-B66F-5A21C48514E4}.Debug|Any CPU.ActiveCfg = Debug|Any CPU
		{2C780851-D7CB-4956-B66F-5A21C48514E4}.Debug|Any CPU.Build.0 = Debug|Any CPU
		{2C780851-D7CB-4956-B66F-5A21C48514E4}.Release|Any CPU.ActiveCfg = Release|Any CPU
		{2C780851-D7CB-4956-B66F-5A21C48514E4}.Release|Any CPU.Build.0 = Release|Any CPU
		{954B91D1-1CCA-40DB-8508-E95B93F2310E}.Debug|Any CPU.ActiveCfg = Debug|Any CPU
		{954B91D1-1CCA-40DB-8508-E95B93F2310E}.Debug|Any CPU.Build.0 = Debug|Any CPU
		{954B91D1-1CCA-40DB-8508-E95B93F2310E}.Release|Any CPU.ActiveCfg = Release|Any CPU
		{954B91D1-1CCA-40DB-8508-E95B93F2310E}.Release|Any CPU.Build.0 = Release|Any CPU
	EndGlobalSection
	GlobalSection(SolutionProperties) = preSolution
		HideSolutionNode = FALSE
	EndGlobalSection
	GlobalSection(ExtensibilityGlobals) = postSolution
		SolutionGuid = {1A97BAA1-1FAB-4582-B356-FBD0536A2819}
	EndGlobalSection
EndGlobal
